// !$*UTF8*$!
{
	archiveVersion = 1;
	classes = {
	};
	objectVersion = 50;
	objects = {

/* Begin PBXBuildFile section */
		FAD8397A24005F8A00AB05C1 /* AppDelegate.swift in Sources */ = {isa = PBXBuildFile; fileRef = FAD8397924005F8A00AB05C1 /* AppDelegate.swift */; };
		FAD8397C24005F8A00AB05C1 /* SceneDelegate.swift in Sources */ = {isa = PBXBuildFile; fileRef = FAD8397B24005F8A00AB05C1 /* SceneDelegate.swift */; };
		FAD8397E24005F8A00AB05C1 /* ViewController.swift in Sources */ = {isa = PBXBuildFile; fileRef = FAD8397D24005F8A00AB05C1 /* ViewController.swift */; };
		FAD8398124005F8A00AB05C1 /* Main.storyboard in Resources */ = {isa = PBXBuildFile; fileRef = FAD8397F24005F8A00AB05C1 /* Main.storyboard */; };
		FAD8398324005F8B00AB05C1 /* Assets.xcassets in Resources */ = {isa = PBXBuildFile; fileRef = FAD8398224005F8B00AB05C1 /* Assets.xcassets */; };
		FAD8398624005F8B00AB05C1 /* LaunchScreen.storyboard in Resources */ = {isa = PBXBuildFile; fileRef = FAD8398424005F8B00AB05C1 /* LaunchScreen.storyboard */; };
		FAD8398F2400611800AB05C1 /* marqueelights.jpg in Resources */ = {isa = PBXBuildFile; fileRef = FAD8398D2400611700AB05C1 /* marqueelights.jpg */; };
		FAD839902400611800AB05C1 /* img.jpeg in Resources */ = {isa = PBXBuildFile; fileRef = FAD8398E2400611800AB05C1 /* img.jpeg */; };
/* End PBXBuildFile section */

/* Begin PBXFileReference section */
		FAD8397624005F8A00AB05C1 /* MovieAPI.app */ = {isa = PBXFileReference; explicitFileType = wrapper.application; includeInIndex = 0; path = MovieAPI.app; sourceTree = BUILT_PRODUCTS_DIR; };
		FAD8397924005F8A00AB05C1 /* AppDelegate.swift */ = {isa = PBXFileReference; lastKnownFileType = sourcecode.swift; path = AppDelegate.swift; sourceTree = "<group>"; };
		FAD8397B24005F8A00AB05C1 /* SceneDelegate.swift */ = {isa = PBXFileReference; lastKnownFileType = sourcecode.swift; path = SceneDelegate.swift; sourceTree = "<group>"; };
		FAD8397D24005F8A00AB05C1 /* ViewController.swift */ = {isa = PBXFileReference; lastKnownFileType = sourcecode.swift; path = ViewController.swift; sourceTree = "<group>"; };
		FAD8398024005F8A00AB05C1 /* Base */ = {isa = PBXFileReference; lastKnownFileType = file.storyboard; name = Base; path = Base.lproj/Main.storyboard; sourceTree = "<group>"; };
		FAD8398224005F8B00AB05C1 /* Assets.xcassets */ = {isa = PBXFileReference; lastKnownFileType = folder.assetcatalog; path = Assets.xcassets; sourceTree = "<group>"; };
		FAD8398524005F8B00AB05C1 /* Base */ = {isa = PBXFileReference; lastKnownFileType = file.storyboard; name = Base; path = Base.lproj/LaunchScreen.storyboard; sourceTree = "<group>"; };
		FAD8398724005F8B00AB05C1 /* Info.plist */ = {isa = PBXFileReference; lastKnownFileType = text.plist.xml; path = Info.plist; sourceTree = "<group>"; };
		FAD8398D2400611700AB05C1 /* marqueelights.jpg */ = {isa = PBXFileReference; lastKnownFileType = image.jpeg; path = marqueelights.jpg; sourceTree = "<group>"; };
		FAD8398E2400611800AB05C1 /* img.jpeg */ = {isa = PBXFileReference; lastKnownFileType = image.jpeg; path = img.jpeg; sourceTree = "<group>"; };
/* End PBXFileReference section */

/* Begin PBXFrameworksBuildPhase section */
		FAD8397324005F8A00AB05C1 /* Frameworks */ = {
			isa = PBXFrameworksBuildPhase;
			buildActionMask = 2147483647;
			files = (
			);
			runOnlyForDeploymentPostprocessing = 0;
		};
/* End PBXFrameworksBuildPhase section */

/* Begin PBXGroup section */
		FAD8396D24005F8A00AB05C1 = {
			isa = PBXGroup;
			children = (
				FAD8397824005F8A00AB05C1 /* MovieAPI */,
				FAD8397724005F8A00AB05C1 /* Products */,
			);
			sourceTree = "<group>";
		};
		FAD8397724005F8A00AB05C1 /* Products */ = {
			isa = PBXGroup;
			children = (
				FAD8397624005F8A00AB05C1 /* MovieAPI.app */,
			);
			name = Products;
			sourceTree = "<group>";
		};
		FAD8397824005F8A00AB05C1 /* MovieAPI */ = {
			isa = PBXGroup;
			children = (
				FAD8397924005F8A00AB05C1 /* AppDelegate.swift */,
				FAD8397B24005F8A00AB05C1 /* SceneDelegate.swift */,
				FAD8397D24005F8A00AB05C1 /* ViewController.swift */,
				FAD8397F24005F8A00AB05C1 /* Main.storyboard */,
				FAD8398224005F8B00AB05C1 /* Assets.xcassets */,
				FAD8398D2400611700AB05C1 /* marqueelights.jpg */,
				FAD8398E2400611800AB05C1 /* img.jpeg */,
				FAD8398424005F8B00AB05C1 /* LaunchScreen.storyboard */,
				FAD8398724005F8B00AB05C1 /* Info.plist */,
			);
			path = MovieAPI;
			sourceTree = "<group>";
		};
/* End PBXGroup section */

/* Begin PBXNativeTarget section */
		FAD8397524005F8A00AB05C1 /* MovieAPI */ = {
			isa = PBXNativeTarget;
			buildConfigurationList = FAD8398A24005F8B00AB05C1 /* Build configuration list for PBXNativeTarget "MovieAPI" */;
			buildPhases = (
				FAD8397224005F8A00AB05C1 /* Sources */,
				FAD8397324005F8A00AB05C1 /* Frameworks */,
				FAD8397424005F8A00AB05C1 /* Resources */,
			);
			buildRules = (
			);
			dependencies = (
			);
			name = MovieAPI;
			productName = MovieAPI;
			productReference = FAD8397624005F8A00AB05C1 /* MovieAPI.app */;
			productType = "com.apple.product-type.application";
		};
/* End PBXNativeTarget section */

/* Begin PBXProject section */
		FAD8396E24005F8A00AB05C1 /* Project object */ = {
			isa = PBXProject;
			attributes = {
				LastSwiftUpdateCheck = 1130;
				LastUpgradeCheck = 1130;
				ORGANIZATIONNAME = "Alan Aumiller II";
				TargetAttributes = {
					FAD8397524005F8A00AB05C1 = {
						CreatedOnToolsVersion = 11.3.1;
					};
				};
			};
			buildConfigurationList = FAD8397124005F8A00AB05C1 /* Build configuration list for PBXProject "MovieAPI" */;
			compatibilityVersion = "Xcode 9.3";
			developmentRegion = en;
			hasScannedForEncodings = 0;
			knownRegions = (
				en,
				Base,
			);
			mainGroup = FAD8396D24005F8A00AB05C1;
			productRefGroup = FAD8397724005F8A00AB05C1 /* Products */;
			projectDirPath = "";
			projectRoot = "";
			targets = (
				FAD8397524005F8A00AB05C1 /* MovieAPI */,
			);
		};
/* End PBXProject section */

/* Begin PBXResourcesBuildPhase section */
		FAD8397424005F8A00AB05C1 /* Resources */ = {
			isa = PBXResourcesBuildPhase;
			buildActionMask = 2147483647;
			files = (
				FAD8398624005F8B00AB05C1 /* LaunchScreen.storyboard in Resources */,
				FAD839902400611800AB05C1 /* img.jpeg in Resources */,
				FAD8398324005F8B00AB05C1 /* Assets.xcassets in Resources */,
				FAD8398124005F8A00AB05C1 /* Main.storyboard in Resources */,
				FAD8398F2400611800AB05C1 /* marqueelights.jpg in Resources */,
			);
			runOnlyForDeploymentPostprocessing = 0;
		};
/* End PBXResourcesBuildPhase section */

/* Begin PBXSourcesBuildPhase section */
		FAD8397224005F8A00AB05C1 /* Sources */ = {
			isa = PBXSourcesBuildPhase;
			buildActionMask = 2147483647;
			files = (
				FAD8397E24005F8A00AB05C1 /* ViewController.swift in Sources */,
				FAD8397A24005F8A00AB05C1 /* AppDelegate.swift in Sources */,
				FAD8397C24005F8A00AB05C1 /* SceneDelegate.swift in Sources */,
			);
			runOnlyForDeploymentPostprocessing = 0;
		};
/* End PBXSourcesBuildPhase section */

/* Begin PBXVariantGroup section */
		FAD8397F24005F8A00AB05C1 /* Main.storyboard */ = {
			isa = PBXVariantGroup;
			children = (
				FAD8398024005F8A00AB05C1 /* Base */,
			);
			name = Main.storyboard;
			sourceTree = "<group>";
		};
		FAD8398424005F8B00AB05C1 /* LaunchScreen.storyboard */ = {
			isa = PBXVariantGroup;
			children = (
				FAD8398524005F8B00AB05C1 /* Base */,
			);
			name = LaunchScreen.storyboard;
			sourceTree = "<group>";
		};
/* End PBXVariantGroup section */

/* Begin XCBuildConfiguration section */
		FAD8398824005F8B00AB05C1 /* Debug */ = {
			isa = XCBuildConfiguration;
			buildSettings = {
				ALWAYS_SEARCH_USER_PATHS = NO;
				CLANG_ANALYZER_NONNULL = YES;
				CLANG_ANALYZER_NUMBER_OBJECT_CONVERSION = YES_AGGRESSIVE;
				CLANG_CXX_LANGUAGE_STANDARD = "gnu++14";
				CLANG_CXX_LIBRARY = "libc++";
				CLANG_ENABLE_MODULES = YES;
				CLANG_ENABLE_OBJC_ARC = YES;
				CLANG_ENABLE_OBJC_WEAK = YES;
				CLANG_WARN_BLOCK_CAPTURE_AUTORELEASING = YES;
				CLANG_WARN_BOOL_CONVERSION = YES;
				CLANG_WARN_COMMA = YES;
				CLANG_WARN_CONSTANT_CONVERSION = YES;
				CLANG_WARN_DEPRECATED_OBJC_IMPLEMENTATIONS = YES;
				CLANG_WARN_DIRECT_OBJC_ISA_USAGE = YES_ERROR;
				CLANG_WARN_DOCUMENTATION_COMMENTS = YES;
				CLANG_WARN_EMPTY_BODY = YES;
				CLANG_WARN_ENUM_CONVERSION = YES;
				CLANG_WARN_INFINITE_RECURSION = YES;
				CLANG_WARN_INT_CONVERSION = YES;
				CLANG_WARN_NON_LITERAL_NULL_CONVERSION = YES;
				CLANG_WARN_OBJC_IMPLICIT_RETAIN_SELF = YES;
				CLANG_WARN_OBJC_LITERAL_CONVERSION = YES;
				CLANG_WARN_OBJC_ROOT_CLASS = YES_ERROR;
				CLANG_WARN_RANGE_LOOP_ANALYSIS = YES;
				CLANG_WARN_STRICT_PROTOTYPES = YES;
				CLANG_WARN_SUSPICIOUS_MOVE = YES;
				CLANG_WARN_UNGUARDED_AVAILABILITY = YES_AGGRESSIVE;
				CLANG_WARN_UNREACHABLE_CODE = YES;
				CLANG_WARN__DUPLICATE_METHOD_MATCH = YES;
				COPY_PHASE_STRIP = NO;
				DEBUG_INFORMATION_FORMAT = dwarf;
				ENABLE_STRICT_OBJC_MSGSEND = YES;
				ENABLE_TESTABILITY = YES;
				GCC_C_LANGUAGE_STANDARD = gnu11;
				GCC_DYNAMIC_NO_PIC = NO;
				GCC_NO_COMMON_BLOCKS = YES;
				GCC_OPTIMIZATION_LEVEL = 0;
				GCC_PREPROCESSOR_DEFINITIONS = (
					"DEBUG=1",
					"$(inherited)",
				);
				GCC_WARN_64_TO_32_BIT_CONVERSION = YES;
				GCC_WARN_ABOUT_RETURN_TYPE = YES_ERROR;
				GCC_WARN_UNDECLARED_SELECTOR = YES;
				GCC_WARN_UNINITIALIZED_AUTOS = YES_AGGRESSIVE;
				GCC_WARN_UNUSED_FUNCTION = YES;
				GCC_WARN_UNUSED_VARIABLE = YES;
				IPHONEOS_DEPLOYMENT_TARGET = 13.2;
				MTL_ENABLE_DEBUG_INFO = INCLUDE_SOURCE;
				MTL_FAST_MATH = YES;
				ONLY_ACTIVE_ARCH = YES;
				SDKROOT = iphoneos;
				SWIFT_ACTIVE_COMPILATION_CONDITIONS = DEBUG;
				SWIFT_OPTIMIZATION_LEVEL = "-Onone";
			};
			name = Debug;
		};
		FAD8398924005F8B00AB05C1 /* Release */ = {
			isa = XCBuildConfiguration;
			buildSettings = {
				ALWAYS_SEARCH_USER_PATHS = NO;
				CLANG_ANALYZER_NONNULL = YES;
				CLANG_ANALYZER_NUMBER_OBJECT_CONVERSION = YES_AGGRESSIVE;
				CLANG_CXX_LANGUAGE_STANDARD = "gnu++14";
				CLANG_CXX_LIBRARY = "libc++";
				CLANG_ENABLE_MODULES = YES;
				CLANG_ENABLE_OBJC_ARC = YES;
				CLANG_ENABLE_OBJC_WEAK = YES;
				CLANG_WARN_BLOCK_CAPTURE_AUTORELEASING = YES;
				CLANG_WARN_BOOL_CONVERSION = YES;
				CLANG_WARN_COMMA = YES;
				CLANG_WARN_CONSTANT_CONVERSION = YES;
				CLANG_WARN_DEPRECATED_OBJC_IMPLEMENTATIONS = YES;
				CLANG_WARN_DIRECT_OBJC_ISA_USAGE = YES_ERROR;
				CLANG_WARN_DOCUMENTATION_COMMENTS = YES;
				CLANG_WARN_EMPTY_BODY = YES;
				CLANG_WARN_ENUM_CONVERSION = YES;
				CLANG_WARN_INFINITE_RECURSION = YES;
				CLANG_WARN_INT_CONVERSION = YES;
				CLANG_WARN_NON_LITERAL_NULL_CONVERSION = YES;
				CLANG_WARN_OBJC_IMPLICIT_RETAIN_SELF = YES;
				CLANG_WARN_OBJC_LITERAL_CONVERSION = YES;
				CLANG_WARN_OBJC_ROOT_CLASS = YES_ERROR;
				CLANG_WARN_RANGE_LOOP_ANALYSIS = YES;
				CLANG_WARN_STRICT_PROTOTYPES = YES;
				CLANG_WARN_SUSPICIOUS_MOVE = YES;
				CLANG_WARN_UNGUARDED_AVAILABILITY = YES_AGGRESSIVE;
				CLANG_WARN_UNREACHABLE_CODE = YES;
				CLANG_WARN__DUPLICATE_METHOD_MATCH = YES;
				COPY_PHASE_STRIP = NO;
				DEBUG_INFORMATION_FORMAT = "dwarf-with-dsym";
				ENABLE_NS_ASSERTIONS = NO;
				ENABLE_STRICT_OBJC_MSGSEND = YES;
				GCC_C_LANGUAGE_STANDARD = gnu11;
				GCC_NO_COMMON_BLOCKS = YES;
				GCC_WARN_64_TO_32_BIT_CONVERSION = YES;
				GCC_WARN_ABOUT_RETURN_TYPE = YES_ERROR;
				GCC_WARN_UNDECLARED_SELECTOR = YES;
				GCC_WARN_UNINITIALIZED_AUTOS = YES_AGGRESSIVE;
				GCC_WARN_UNUSED_FUNCTION = YES;
				GCC_WARN_UNUSED_VARIABLE = YES;
				IPHONEOS_DEPLOYMENT_TARGET = 13.2;
				MTL_ENABLE_DEBUG_INFO = NO;
				MTL_FAST_MATH = YES;
				SDKROOT = iphoneos;
				SWIFT_COMPILATION_MODE = wholemodule;
				SWIFT_OPTIMIZATION_LEVEL = "-O";
				VALIDATE_PRODUCT = YES;
			};
			name = Release;
		};
		FAD8398B24005F8B00AB05C1 /* Debug */ = {
			isa = XCBuildConfiguration;
			buildSettings = {
				ASSETCATALOG_COMPILER_APPICON_NAME = AppIcon;
				CODE_SIGN_STYLE = Automatic;
				DEVELOPMENT_TEAM = 26L3P77Y97;
				INFOPLIST_FILE = MovieAPI/Info.plist;
				LD_RUNPATH_SEARCH_PATHS = (
					"$(inherited)",
					"@executable_path/Frameworks",
				);
				PRODUCT_BUNDLE_IDENTIFIER = edu.southhills.MovieAPI;
				PRODUCT_NAME = "$(TARGET_NAME)";
				SWIFT_VERSION = 5.0;
				TARGETED_DEVICE_FAMILY = "1,2";
			};
			name = Debug;
		};
		FAD8398C24005F8B00AB05C1 /* Release */ = {
			isa = XCBuildConfiguration;
			buildSettings = {
				ASSETCATALOG_COMPILER_APPICON_NAME = AppIcon;
				CODE_SIGN_STYLE = Automatic;
				DEVELOPMENT_TEAM = 26L3P77Y97;
				INFOPLIST_FILE = MovieAPI/Info.plist;
				LD_RUNPATH_SEARCH_PATHS = (
					"$(inherited)",
					"@executable_path/Frameworks",
				);
				PRODUCT_BUNDLE_IDENTIFIER = edu.southhills.MovieAPI;
				PRODUCT_NAME = "$(TARGET_NAME)";
				SWIFT_VERSION = 5.0;
				TARGETED_DEVICE_FAMILY = "1,2";
			};
			name = Release;
		};
/* End XCBuildConfiguration section */

/* Begin XCConfigurationList section */
		FAD8397124005F8A00AB05C1 /* Build configuration list for PBXProject "MovieAPI" */ = {
			isa = XCConfigurationList;
			buildConfigurations = (
				FAD8398824005F8B00AB05C1 /* Debug */,
				FAD8398924005F8B00AB05C1 /* Release */,
			);
			defaultConfigurationIsVisible = 0;
			defaultConfigurationName = Release;
		};
		FAD8398A24005F8B00AB05C1 /* Build configuration list for PBXNativeTarget "MovieAPI" */ = {
			isa = XCConfigurationList;
			buildConfigurations = (
				FAD8398B24005F8B00AB05C1 /* Debug */,
				FAD8398C24005F8B00AB05C1 /* Release */,
			);
			defaultConfigurationIsVisible = 0;
			defaultConfigurationName = Release;
		};
/* End XCConfigurationList section */
	};
	rootObject = FAD8396E24005F8A00AB05C1 /* Project object */;
}
